
Microsoft Visual Studio Solution File, Format Version 12.00
# Visual Studio Express 2013 for Windows Desktop
VisualStudioVersion = 12.0.21005.1
MinimumVisualStudioVersion = 10.0.40219.1
Project("{8BC9CEB8-8B4A-11D0-8D11-00A0C91BC942}") = "Pendulum_alpha", "projects\Pendulum_alpha\Pendulum_alpha.vcxproj", "{187A3CFB-2105-4114-AEB1-361A0E917642}"
EndProject
Project("{8BC9CEB8-8B4A-11D0-8D11-00A0C91BC942}") = "Pendulum_beta", "projects\Pendulum_beta\Pendulum_beta.vcxproj", "{55C7C857-1A89-4EF0-8D7A-A671CE28C570}"
EndProject
Project("{8BC9CEB8-8B4A-11D0-8D11-00A0C91BC942}") = "Pendulum_master", "projects\Pendulum_master\Pendulum_master.vcxproj", "{43F3FA00-7A76-4611-8CED-C925282659A9}"
EndProject
Global
	GlobalSection(SolutionConfigurationPlatforms) = preSolution
		Debug|Win32 = Debug|Win32
		Release|Win32 = Release|Win32
	EndGlobalSection
	GlobalSection(ProjectConfigurationPlatforms) = postSolution
		{187A3CFB-2105-4114-AEB1-361A0E917642}.Debug|Win32.ActiveCfg = Debug|Win32
		{187A3CFB-2105-4114-AEB1-361A0E917642}.Debug|Win32.Build.0 = Debug|Win32
		{187A3CFB-2105-4114-AEB1-361A0E917642}.Release|Win32.ActiveCfg = Release|Win32
		{187A3CFB-2105-4114-AEB1-361A0E917642}.Release|Win32.Build.0 = Release|Win32
		{55C7C857-1A89-4EF0-8D7A-A671CE28C570}.Debug|Win32.ActiveCfg = Debug|Win32
		{55C7C857-1A89-4EF0-8D7A-A671CE28C570}.Debug|Win32.Build.0 = Debug|Win32
		{55C7C857-1A89-4EF0-8D7A-A671CE28C570}.Release|Win32.ActiveCfg = Release|Win32
		{55C7C857-1A89-4EF0-8D7A-A671CE28C570}.Release|Win32.Build.0 = Release|Win32
		{43F3FA00-7A76-4611-8CED-C925282659A9}.Debug|Win32.ActiveCfg = Debug|Win32
		{43F3FA00-7A76-4611-8CED-C925282659A9}.Debug|Win32.Build.0 = Debug|Win32
		{43F3FA00-7A76-4611-8CED-C925282659A9}.Release|Win32.ActiveCfg = Release|Win32
		{43F3FA00-7A76-4611-8CED-C925282659A9}.Release|Win32.Build.0 = Release|Win32
	EndGlobalSection
	GlobalSection(SolutionProperties) = preSolution
		HideSolutionNode = FALSE
	EndGlobalSection
EndGlobal
