<?xml version="1.0" encoding="utf-8"?>
<Project ToolsVersion="4.0" xmlns="http://schemas.microsoft.com/developer/msbuild/2003">
  <ItemGroup>
    <Filter Include="ソース ファイル">
      <UniqueIdentifier>{4FC737F1-C7A5-4376-A066-2A32D752A2FF}</UniqueIdentifier>
      <Extensions>cpp;c;cc;cxx;def;odl;idl;hpj;bat;asm;asmx</Extensions>
    </Filter>
    <Filter Include="リソース ファイル">
      <UniqueIdentifier>{67DA6AB6-F800-4c08-8B7A-83BB121AAD01}</UniqueIdentifier>
      <Extensions>rc;ico;cur;bmp;dlg;rc2;rct;bin;rgs;gif;jpg;jpeg;jpe;resx;tiff;tif;png;wav;mfcribbon-ms</Extensions>
    </Filter>
    <Filter Include="ライブラリ">
      <UniqueIdentifier>{1c6f96f6-6b5d-47ae-a6ef-e5de326db232}</UniqueIdentifier>
    </Filter>
    <Filter Include="ライブラリ\3D">
      <UniqueIdentifier>{66a09c86-c078-4784-874b-4ed63537c578}</UniqueIdentifier>
    </Filter>
    <Filter Include="ライブラリ\gplib">
      <UniqueIdentifier>{c94118fe-8ac4-4381-8b36-06dd9b24ba1e}</UniqueIdentifier>
    </Filter>
    <Filter Include="ソース ファイル\Common">
      <UniqueIdentifier>{fb98d731-c9d0-4774-9558-a0b7e72247f3}</UniqueIdentifier>
    </Filter>
    <Filter Include="ソース ファイル\Easing">
      <UniqueIdentifier>{9e3db74d-94ae-4b37-b228-217fcc813886}</UniqueIdentifier>
    </Filter>
    <Filter Include="ソース ファイル\GameManager">
      <UniqueIdentifier>{3baa7cf4-052a-4de0-accc-dbadb4367875}</UniqueIdentifier>
    </Filter>
    <Filter Include="ソース ファイル\GameOver">
      <UniqueIdentifier>{c0e7dfd1-6bde-43a0-9b47-1b99d652ee43}</UniqueIdentifier>
    </Filter>
    <Filter Include="ソース ファイル\CharBase">
      <UniqueIdentifier>{22994bfb-79b5-461d-bb0c-387ac62b6a02}</UniqueIdentifier>
    </Filter>
    <Filter Include="ソース ファイル\Sequence">
      <UniqueIdentifier>{e1e14c98-fe55-43a1-b90d-73f0fc95400a}</UniqueIdentifier>
    </Filter>
    <Filter Include="ソース ファイル\Sequence\Base">
      <UniqueIdentifier>{5a63a163-2f0b-4344-9161-50efc82ecde2}</UniqueIdentifier>
    </Filter>
    <Filter Include="ソース ファイル\Sequence\Main">
      <UniqueIdentifier>{21f65e23-1b97-42c1-9f24-3a7f6368150e}</UniqueIdentifier>
    </Filter>
    <Filter Include="ソース ファイル\Sequence\Title">
      <UniqueIdentifier>{67348fdf-d842-43cf-b0ca-0abbbaae0de2}</UniqueIdentifier>
    </Filter>
    <Filter Include="ソース ファイル\Sequence\End">
      <UniqueIdentifier>{91cff953-3e86-42e7-b8cc-b44f315e2e86}</UniqueIdentifier>
    </Filter>
    <Filter Include="ソース ファイル\Sequence\StageSelect">
      <UniqueIdentifier>{b5a5164d-a37e-4f94-988f-68b7a06fe97c}</UniqueIdentifier>
    </Filter>
    <Filter Include="ソース ファイル\Setting">
      <UniqueIdentifier>{e0d0b60a-a13d-458c-8bf8-539c13b6f5e0}</UniqueIdentifier>
    </Filter>
    <Filter Include="ソース ファイル\InGame">
      <UniqueIdentifier>{86805a41-f175-4dcf-b399-b0d96fbf435d}</UniqueIdentifier>
    </Filter>
    <Filter Include="ソース ファイル\Fade">
      <UniqueIdentifier>{b051ef08-ae11-4a2e-a40b-a268bf29204c}</UniqueIdentifier>
    </Filter>
    <Filter Include="ソース ファイル\InGame\ActionPoint">
      <UniqueIdentifier>{0828a8f3-81c5-4249-b4ac-aa07c169e100}</UniqueIdentifier>
    </Filter>
    <Filter Include="ソース ファイル\InGame\Collision">
      <UniqueIdentifier>{93625c41-6aae-4e8e-9043-05158a204d30}</UniqueIdentifier>
    </Filter>
    <Filter Include="ソース ファイル\InGame\Effect">
      <UniqueIdentifier>{0c79f46c-1eaf-479f-b7cc-f5daa02113f9}</UniqueIdentifier>
    </Filter>
    <Filter Include="ソース ファイル\InGame\Effect\Explosion">
      <UniqueIdentifier>{a4beec20-eed7-4e68-a5b0-c744d7ac7309}</UniqueIdentifier>
    </Filter>
    <Filter Include="ソース ファイル\InGame\StageManager">
      <UniqueIdentifier>{80c71b0b-4ccb-4f05-84db-e77e733b1e9d}</UniqueIdentifier>
    </Filter>
    <Filter Include="ソース ファイル\InGame\Attack">
      <UniqueIdentifier>{32ce056c-6b80-4214-871c-ac6575028b80}</UniqueIdentifier>
    </Filter>
    <Filter Include="ソース ファイル\InGame\Attack\nWayShot">
      <UniqueIdentifier>{b49907de-4957-46f9-8509-10dc60d5f3c7}</UniqueIdentifier>
    </Filter>
    <Filter Include="ソース ファイル\InGame\Character">
      <UniqueIdentifier>{08c13dd7-b9c6-4bd1-a8f8-eda6da995c55}</UniqueIdentifier>
    </Filter>
    <Filter Include="ソース ファイル\InGame\Character\Enemy">
      <UniqueIdentifier>{84112db1-6049-469c-be92-5a3a570634a9}</UniqueIdentifier>
    </Filter>
    <Filter Include="ソース ファイル\InGame\Character\Enemy\Bird">
      <UniqueIdentifier>{39befac3-3d92-42d7-a405-3144b3dd2b69}</UniqueIdentifier>
    </Filter>
    <Filter Include="ソース ファイル\InGame\Character\Enemy\Manager">
      <UniqueIdentifier>{88f51fda-4f46-4ad4-9303-d8625977957e}</UniqueIdentifier>
    </Filter>
    <Filter Include="ソース ファイル\InGame\Character\Player">
      <UniqueIdentifier>{6a2ddff4-9777-4ba1-87e1-e3918057123f}</UniqueIdentifier>
    </Filter>
    <Filter Include="ソース ファイル\InGame\ScoreManager">
      <UniqueIdentifier>{d7263c29-93d4-4e29-97d3-95eb129cd2aa}</UniqueIdentifier>
    </Filter>
    <Filter Include="リソース ファイル\Title">
      <UniqueIdentifier>{6ed2f9d4-0c94-42f8-93fc-9d3e8b1d64d8}</UniqueIdentifier>
    </Filter>
    <Filter Include="リソース ファイル\Main">
      <UniqueIdentifier>{7354ce4e-bd76-48e2-90c8-6a814494935c}</UniqueIdentifier>
    </Filter>
    <Filter Include="リソース ファイル\StageSelect">
      <UniqueIdentifier>{918af74d-a0b5-4701-af42-b4a3d75ddb6f}</UniqueIdentifier>
    </Filter>
    <Filter Include="リソース ファイル\Result">
      <UniqueIdentifier>{9a179229-4807-45e0-89fe-0732fa8d43d4}</UniqueIdentifier>
    </Filter>
    <Filter Include="ソース ファイル\FileManager">
      <UniqueIdentifier>{0668c272-8aa0-42d6-a898-569fd0fb48c7}</UniqueIdentifier>
    </Filter>
    <Filter Include="ソース ファイル\FileManager\Loader">
      <UniqueIdentifier>{26d86dae-6fc7-4f56-ab7b-89d8cf6e4c44}</UniqueIdentifier>
    </Filter>
    <Filter Include="リソース ファイル\Main\Enemy">
      <UniqueIdentifier>{ef6626fa-1c6d-403d-b320-141c58da6bf7}</UniqueIdentifier>
    </Filter>
    <Filter Include="リソース ファイル\Main\Stage">
      <UniqueIdentifier>{e7164ffd-9661-4c9f-9097-2b7c48edcaf3}</UniqueIdentifier>
    </Filter>
    <Filter Include="リソース ファイル\Main\E_Table">
      <UniqueIdentifier>{2804bd9f-f1d3-4b06-ac7f-9a406c82d7d0}</UniqueIdentifier>
    </Filter>
    <Filter Include="ソース ファイル\Obj">
      <UniqueIdentifier>{c82f6ad0-e58f-4c88-b325-99f3bc36082b}</UniqueIdentifier>
    </Filter>
    <Filter Include="ソース ファイル\InGame\Character\Enemy\Fairy">
      <UniqueIdentifier>{3f616823-932b-492f-8036-31d5e80f3875}</UniqueIdentifier>
    </Filter>
    <Filter Include="ソース ファイル\InGame\Attack\nWaySing">
      <UniqueIdentifier>{0edc79da-6b5d-4980-be6b-2315d4fd00f1}</UniqueIdentifier>
    </Filter>
    <Filter Include="ソース ファイル\InGame\StageManager\Stage">
      <UniqueIdentifier>{162b492a-b16d-4fec-a2ab-1d9c15a6f518}</UniqueIdentifier>
    </Filter>
    <Filter Include="ソース ファイル\InGame\StageManager\Stage\Stage4">
      <UniqueIdentifier>{22b79630-2730-4b97-9eb3-7de30465b7d1}</UniqueIdentifier>
    </Filter>
    <Filter Include="ソース ファイル\InGame\StageManager\Stage\Stage1">
      <UniqueIdentifier>{4f0ab01e-58e1-479e-890c-ba9bbc228493}</UniqueIdentifier>
    </Filter>
    <Filter Include="ソース ファイル\InGame\StageManager\Stage\Stage2">
      <UniqueIdentifier>{0c6a1c5c-ff9e-4c95-9a1d-81a6e8625fa6}</UniqueIdentifier>
    </Filter>
    <Filter Include="ソース ファイル\InGame\StageManager\Stage\Stage3">
      <UniqueIdentifier>{4b9f0902-f3fd-459c-9a57-0eb785c4da48}</UniqueIdentifier>
    </Filter>
    <Filter Include="ソース ファイル\InGame\Effect\Slash">
      <UniqueIdentifier>{8bbc50b3-d29c-406b-8f22-9d96fffdd3b8}</UniqueIdentifier>
    </Filter>
    <Filter Include="ソース ファイル\InGame\Pickup">
      <UniqueIdentifier>{e1ac40dd-3bf8-44e4-9e8f-10c29fd16a6d}</UniqueIdentifier>
    </Filter>
    <Filter Include="ソース ファイル\InGame\Pickup\Jewely">
      <UniqueIdentifier>{5d47e221-9d93-46db-a616-f9a939b63c1c}</UniqueIdentifier>
    </Filter>
    <Filter Include="リソース ファイル\Main\pickup">
      <UniqueIdentifier>{5a24c980-0f3e-47ee-b71d-f933a5393d2b}</UniqueIdentifier>
    </Filter>
  </ItemGroup>
  <ItemGroup>
    <ClInclude Include="..\..\lib\ci_ext\ci_ext.hpp">
      <Filter>ライブラリ\3D</Filter>
    </ClInclude>
    <ClInclude Include="..\..\lib\ci_ext\color.hpp">
      <Filter>ライブラリ\3D</Filter>
    </ClInclude>
    <ClInclude Include="..\..\lib\ci_ext\Console.hpp">
      <Filter>ライブラリ\3D</Filter>
    </ClInclude>
    <ClInclude Include="..\..\lib\ci_ext\define.hpp">
      <Filter>ライブラリ\3D</Filter>
    </ClInclude>
    <ClInclude Include="..\..\lib\ci_ext\DrawObj.hpp">
      <Filter>ライブラリ\3D</Filter>
    </ClInclude>
    <ClInclude Include="..\..\lib\dx_media\dx.h">
      <Filter>ライブラリ\3D</Filter>
    </ClInclude>
    <ClInclude Include="..\..\lib\dx_media\dx_anime_cont_auxiliary.h">
      <Filter>ライブラリ\3D</Filter>
    </ClInclude>
    <ClInclude Include="..\..\lib\dx_media\dx_anime_mesh.h">
      <Filter>ライブラリ\3D</Filter>
    </ClInclude>
    <ClInclude Include="..\..\lib\dx_media\dx_base_mesh.h">
      <Filter>ライブラリ\3D</Filter>
    </ClInclude>
    <ClInclude Include="..\..\lib\dx_media\dx_camera.h">
      <Filter>ライブラリ\3D</Filter>
    </ClInclude>
    <ClInclude Include="..\..\lib\dx_media\dx_font.h">
      <Filter>ライブラリ\3D</Filter>
    </ClInclude>
    <ClInclude Include="..\..\lib\dx_media\dx_graphics3d.h">
      <Filter>ライブラリ\3D</Filter>
    </ClInclude>
    <ClInclude Include="..\..\lib\dx_media\dx_mesh.h">
      <Filter>ライブラリ\3D</Filter>
    </ClInclude>
    <ClInclude Include="..\..\lib\dx_media\dx_piece_texture.h">
      <Filter>ライブラリ\3D</Filter>
    </ClInclude>
    <ClInclude Include="..\..\lib\dx_media\dx_texture.h">
      <Filter>ライブラリ\3D</Filter>
    </ClInclude>
    <ClInclude Include="..\..\lib\dx_media\dx3dmeshmanager.h">
      <Filter>ライブラリ\3D</Filter>
    </ClInclude>
    <ClInclude Include="..\..\lib\ci_ext\graphics.hpp">
      <Filter>ライブラリ\3D</Filter>
    </ClInclude>
    <ClInclude Include="..\..\lib\ci_ext\Line.hpp">
      <Filter>ライブラリ\3D</Filter>
    </ClInclude>
    <ClInclude Include="..\..\lib\ci_ext\math.hpp">
      <Filter>ライブラリ\3D</Filter>
    </ClInclude>
    <ClInclude Include="..\..\lib\ci_ext\MeasureTime.hpp">
      <Filter>ライブラリ\3D</Filter>
    </ClInclude>
    <ClInclude Include="..\..\lib\dx_media\media_manager.h">
      <Filter>ライブラリ\3D</Filter>
    </ClInclude>
    <ClInclude Include="..\..\lib\dx_media\mesh_manager.h">
      <Filter>ライブラリ\3D</Filter>
    </ClInclude>
    <ClInclude Include="..\..\lib\ci_ext\Polygon.hpp">
      <Filter>ライブラリ\3D</Filter>
    </ClInclude>
    <ClInclude Include="..\..\lib\ci_ext\Task.hpp">
      <Filter>ライブラリ\3D</Filter>
    </ClInclude>
    <ClInclude Include="..\..\lib\ci_ext\TaskManager.hpp">
      <Filter>ライブラリ\3D</Filter>
    </ClInclude>
    <ClInclude Include="..\..\lib\dx_media\texture_manager.h">
      <Filter>ライブラリ\3D</Filter>
    </ClInclude>
    <ClInclude Include="..\..\lib\ci_ext\Triangle.hpp">
      <Filter>ライブラリ\3D</Filter>
    </ClInclude>
    <ClInclude Include="..\..\lib\ci_ext\vec3.hpp">
      <Filter>ライブラリ\3D</Filter>
    </ClInclude>
    <ClInclude Include="..\..\lib\gplib.h">
      <Filter>ライブラリ\gplib</Filter>
    </ClInclude>
    <ClInclude Include="src\define.h">
      <Filter>ソース ファイル</Filter>
    </ClInclude>
    <ClInclude Include="src\myMath.hpp">
      <Filter>ソース ファイル</Filter>
    </ClInclude>
    <ClInclude Include="src\common.h">
      <Filter>ソース ファイル\Common</Filter>
    </ClInclude>
    <ClInclude Include="src\easing.h">
      <Filter>ソース ファイル\Easing</Filter>
    </ClInclude>
    <ClInclude Include="src\gameManager.h">
      <Filter>ソース ファイル\GameManager</Filter>
    </ClInclude>
    <ClInclude Include="src\gameover.h">
      <Filter>ソース ファイル\GameOver</Filter>
    </ClInclude>
    <ClInclude Include="src\obj.h">
      <Filter>ソース ファイル\Obj</Filter>
    </ClInclude>
    <ClInclude Include="src\charBase.h">
      <Filter>ソース ファイル\CharBase</Filter>
    </ClInclude>
    <ClInclude Include="src\sceneEnd.h">
      <Filter>ソース ファイル\Sequence\End</Filter>
    </ClInclude>
    <ClInclude Include="src\sceneMain.h">
      <Filter>ソース ファイル\Sequence\Main</Filter>
    </ClInclude>
    <ClInclude Include="src\sceneStageSelect.h">
      <Filter>ソース ファイル\Sequence\StageSelect</Filter>
    </ClInclude>
    <ClInclude Include="src\sceneTitle.h">
      <Filter>ソース ファイル\Sequence\Title</Filter>
    </ClInclude>
    <ClInclude Include="src\setting.h">
      <Filter>ソース ファイル\Setting</Filter>
    </ClInclude>
    <ClInclude Include="src\fade.h">
      <Filter>ソース ファイル\Fade</Filter>
    </ClInclude>
    <ClInclude Include="src\stageMng.h">
      <Filter>ソース ファイル\InGame\StageManager</Filter>
    </ClInclude>
    <ClInclude Include="src\actionPoint.h">
      <Filter>ソース ファイル\InGame\ActionPoint</Filter>
    </ClInclude>
    <ClInclude Include="src\charaObjBase.hpp">
      <Filter>ソース ファイル\InGame\Character</Filter>
    </ClInclude>
    <ClInclude Include="src\collision.h">
      <Filter>ソース ファイル\InGame\Collision</Filter>
    </ClInclude>
    <ClInclude Include="src\effectBase.hpp">
      <Filter>ソース ファイル\InGame\Effect</Filter>
    </ClInclude>
    <ClInclude Include="src\effectExplosion.h">
      <Filter>ソース ファイル\InGame\Effect\Explosion</Filter>
    </ClInclude>
    <ClInclude Include="src\enemyBase.hpp">
      <Filter>ソース ファイル\InGame\Character\Enemy</Filter>
    </ClInclude>
    <ClInclude Include="src\bird.h">
      <Filter>ソース ファイル\InGame\Character\Enemy\Bird</Filter>
    </ClInclude>
    <ClInclude Include="src\enemyMng.h">
      <Filter>ソース ファイル\InGame\Character\Enemy\Manager</Filter>
    </ClInclude>
    <ClInclude Include="src\nWayShot.h">
      <Filter>ソース ファイル\InGame\Attack\nWayShot</Filter>
    </ClInclude>
    <ClInclude Include="src\attackBase.hpp">
      <Filter>ソース ファイル\InGame\Attack</Filter>
    </ClInclude>
    <ClInclude Include="src\player.h">
      <Filter>ソース ファイル\InGame\Character\Player</Filter>
    </ClInclude>
    <ClInclude Include="src\sceneBase.hpp">
      <Filter>ソース ファイル\Sequence\Base</Filter>
    </ClInclude>
    <ClInclude Include="src\scoreMng.h">
      <Filter>ソース ファイル\InGame\ScoreManager</Filter>
    </ClInclude>
    <ClInclude Include="src\fileMng.h">
      <Filter>ソース ファイル\FileManager</Filter>
    </ClInclude>
    <ClInclude Include="src\fileLoader.h">
      <Filter>ソース ファイル\FileManager\Loader</Filter>
    </ClInclude>
    <ClInclude Include="src\fairy.h">
      <Filter>ソース ファイル\InGame\Character\Enemy\Fairy</Filter>
    </ClInclude>
    <ClInclude Include="src\nWaySing.h">
      <Filter>ソース ファイル\InGame\Attack\nWaySing</Filter>
    </ClInclude>
    <ClInclude Include="src\stageBase.hpp">
      <Filter>ソース ファイル\InGame\StageManager\Stage</Filter>
    </ClInclude>
    <ClInclude Include="src\stage1.h">
      <Filter>ソース ファイル\InGame\StageManager\Stage\Stage1</Filter>
    </ClInclude>
    <ClInclude Include="src\stage2.h">
      <Filter>ソース ファイル\InGame\StageManager\Stage\Stage2</Filter>
    </ClInclude>
    <ClInclude Include="src\stage3.h">
      <Filter>ソース ファイル\InGame\StageManager\Stage\Stage3</Filter>
    </ClInclude>
    <ClInclude Include="src\stage4.h">
      <Filter>ソース ファイル\InGame\StageManager\Stage\Stage4</Filter>
    </ClInclude>
    <ClInclude Include="src\effectSlash.h">
      <Filter>ソース ファイル\InGame\Effect\Slash</Filter>
    </ClInclude>
    <ClInclude Include="src\pickupBase.hpp">
      <Filter>ソース ファイル\InGame\Pickup</Filter>
    </ClInclude>
    <ClInclude Include="src\pickupJewely.h">
      <Filter>ソース ファイル\InGame\Pickup\Jewely</Filter>
    </ClInclude>
  </ItemGroup>
  <ItemGroup>
    <ClCompile Include="..\..\lib\dx_media\dx_anime_cont_auxiliary.cpp">
      <Filter>ライブラリ\3D</Filter>
    </ClCompile>
    <ClCompile Include="..\..\lib\dx_media\dx_anime_mesh.cpp">
      <Filter>ライブラリ\3D</Filter>
    </ClCompile>
    <ClCompile Include="..\..\lib\dx_media\dx_base_mesh.cpp">
      <Filter>ライブラリ\3D</Filter>
    </ClCompile>
    <ClCompile Include="..\..\lib\dx_media\dx_camera.cpp">
      <Filter>ライブラリ\3D</Filter>
    </ClCompile>
    <ClCompile Include="..\..\lib\dx_media\dx_font.cpp">
      <Filter>ライブラリ\3D</Filter>
    </ClCompile>
    <ClCompile Include="..\..\lib\dx_media\dx_graphics3d.cpp">
      <Filter>ライブラリ\3D</Filter>
    </ClCompile>
    <ClCompile Include="..\..\lib\dx_media\dx_mesh.cpp">
      <Filter>ライブラリ\3D</Filter>
    </ClCompile>
    <ClCompile Include="..\..\lib\dx_media\dx_piece_texture.cpp">
      <Filter>ライブラリ\3D</Filter>
    </ClCompile>
    <ClCompile Include="..\..\lib\dx_media\dx_texture.cpp">
      <Filter>ライブラリ\3D</Filter>
    </ClCompile>
    <ClCompile Include="..\..\lib\dx_media\dx3dmeshmanager.cpp">
      <Filter>ライブラリ\3D</Filter>
    </ClCompile>
    <ClCompile Include="..\..\lib\dx_media\media_manager.cpp">
      <Filter>ライブラリ\3D</Filter>
    </ClCompile>
    <ClCompile Include="..\..\lib\dx_media\mesh_manager.cpp">
      <Filter>ライブラリ\3D</Filter>
    </ClCompile>
    <ClCompile Include="..\..\lib\dx_media\texture_manager.cpp">
      <Filter>ライブラリ\3D</Filter>
    </ClCompile>
    <ClCompile Include="..\..\lib\gplib.cpp">
      <Filter>ライブラリ\gplib</Filter>
    </ClCompile>
    <ClCompile Include="src\main.cpp">
      <Filter>ソース ファイル</Filter>
    </ClCompile>
    <ClCompile Include="src\common.cpp">
      <Filter>ソース ファイル\Common</Filter>
    </ClCompile>
    <ClCompile Include="src\easing.cpp">
      <Filter>ソース ファイル\Easing</Filter>
    </ClCompile>
    <ClCompile Include="src\gameManager.cpp">
      <Filter>ソース ファイル\GameManager</Filter>
    </ClCompile>
    <ClCompile Include="src\gameover.cpp">
      <Filter>ソース ファイル\GameOver</Filter>
    </ClCompile>
    <ClCompile Include="src\obj.cpp">
      <Filter>ソース ファイル\Obj</Filter>
    </ClCompile>
    <ClCompile Include="src\charBase.cpp">
      <Filter>ソース ファイル\CharBase</Filter>
    </ClCompile>
    <ClCompile Include="src\sceneEnd.cpp">
      <Filter>ソース ファイル\Sequence\End</Filter>
    </ClCompile>
    <ClCompile Include="src\sceneMain.cpp">
      <Filter>ソース ファイル\Sequence\Main</Filter>
    </ClCompile>
    <ClCompile Include="src\sceneStageSelect.cpp">
      <Filter>ソース ファイル\Sequence\StageSelect</Filter>
    </ClCompile>
    <ClCompile Include="src\sceneTitle.cpp">
      <Filter>ソース ファイル\Sequence\Title</Filter>
    </ClCompile>
    <ClCompile Include="src\setting.cpp">
      <Filter>ソース ファイル\Setting</Filter>
    </ClCompile>
    <ClCompile Include="src\fade.cpp">
      <Filter>ソース ファイル\Fade</Filter>
    </ClCompile>
    <ClCompile Include="src\stageMng.cpp">
      <Filter>ソース ファイル\InGame\StageManager</Filter>
    </ClCompile>
    <ClCompile Include="src\actionPoint.cpp">
      <Filter>ソース ファイル\InGame\ActionPoint</Filter>
    </ClCompile>
    <ClCompile Include="src\collision.cpp">
      <Filter>ソース ファイル\InGame\Collision</Filter>
    </ClCompile>
    <ClCompile Include="src\effectExplosion.cpp">
      <Filter>ソース ファイル\InGame\Effect\Explosion</Filter>
    </ClCompile>
    <ClCompile Include="src\bird.cpp">
      <Filter>ソース ファイル\InGame\Character\Enemy\Bird</Filter>
    </ClCompile>
    <ClCompile Include="src\enemyMng.cpp">
      <Filter>ソース ファイル\InGame\Character\Enemy\Manager</Filter>
    </ClCompile>
    <ClCompile Include="src\nWayShot.cpp">
      <Filter>ソース ファイル\InGame\Attack\nWayShot</Filter>
    </ClCompile>
    <ClCompile Include="src\player.cpp">
      <Filter>ソース ファイル\InGame\Character\Player</Filter>
    </ClCompile>
    <ClCompile Include="src\scoreMng.cpp">
      <Filter>ソース ファイル\InGame\ScoreManager</Filter>
    </ClCompile>
    <ClCompile Include="src\fileMng.cpp">
      <Filter>ソース ファイル\FileManager</Filter>
    </ClCompile>
    <ClCompile Include="src\fileLoader.cpp">
      <Filter>ソース ファイル\FileManager\Loader</Filter>
    </ClCompile>
    <ClCompile Include="src\fairy.cpp">
      <Filter>ソース ファイル\InGame\Character\Enemy\Fairy</Filter>
    </ClCompile>
    <ClCompile Include="src\nWaySing.cpp">
      <Filter>ソース ファイル\InGame\Attack\nWaySing</Filter>
    </ClCompile>
    <ClCompile Include="src\stage1.cpp">
      <Filter>ソース ファイル\InGame\StageManager\Stage\Stage1</Filter>
    </ClCompile>
    <ClCompile Include="src\stage2.cpp">
      <Filter>ソース ファイル\InGame\StageManager\Stage\Stage2</Filter>
    </ClCompile>
    <ClCompile Include="src\stage3.cpp">
      <Filter>ソース ファイル\InGame\StageManager\Stage\Stage3</Filter>
    </ClCompile>
    <ClCompile Include="src\stage4.cpp">
      <Filter>ソース ファイル\InGame\StageManager\Stage\Stage4</Filter>
    </ClCompile>
    <ClCompile Include="src\effectSlash.cpp">
      <Filter>ソース ファイル\InGame\Effect\Slash</Filter>
    </ClCompile>
    <ClCompile Include="src\pickupJewely.cpp">
      <Filter>ソース ファイル\InGame\Pickup\Jewely</Filter>
    </ClCompile>
  </ItemGroup>
  <ItemGroup>
    <Text Include="res\dat\resdata.dat">
      <Filter>リソース ファイル</Filter>
    </Text>
    <Text Include="res\dat\main\enemy\bird.txt">
      <Filter>リソース ファイル\Main\Enemy</Filter>
    </Text>
    <Text Include="res\dat\main\enemy\enemies.txt">
      <Filter>リソース ファイル\Main\Enemy</Filter>
    </Text>
    <Text Include="res\dat\main\stage\stage01.txt">
      <Filter>リソース ファイル\Main\Stage</Filter>
    </Text>
    <Text Include="res\dat\main\stage\stage02.txt">
      <Filter>リソース ファイル\Main\Stage</Filter>
    </Text>
    <Text Include="res\dat\main\stage\stage03.txt">
      <Filter>リソース ファイル\Main\Stage</Filter>
    </Text>
    <Text Include="res\dat\main\enemy\enemyTable02.txt">
      <Filter>リソース ファイル\Main\E_Table</Filter>
    </Text>
    <Text Include="res\dat\main\enemy\enemyTable01.txt">
      <Filter>リソース ファイル\Main\E_Table</Filter>
    </Text>
    <Text Include="res\dat\main\player.txt">
      <Filter>リソース ファイル\Main</Filter>
    </Text>
    <Text Include="res\dat\main\enemy\fairy.txt">
      <Filter>リソース ファイル\Main\Enemy</Filter>
    </Text>
    <Text Include="res\dat\main\stage\stages.txt">
      <Filter>リソース ファイル\Main\Stage</Filter>
    </Text>
    <Text Include="res\dat\main\stage\stage04.txt">
      <Filter>リソース ファイル\Main\Stage</Filter>
    </Text>
    <Text Include="res\dat\main\enemy\enemyTable04.txt">
      <Filter>リソース ファイル\Main\E_Table</Filter>
    </Text>
    <Text Include="res\dat\main\enemy\enemyTable03.txt">
      <Filter>リソース ファイル\Main\E_Table</Filter>
    </Text>
    <Text Include="res\dat\main\enemy\debugTable01.txt">
      <Filter>リソース ファイル\Main\E_Table</Filter>
    </Text>
  </ItemGroup>
  <ItemGroup>
    <None Include="res\dat\path.ini">
      <Filter>リソース ファイル</Filter>
    </None>
    <None Include="res\dat\stageSelect\setting.dat">
      <Filter>リソース ファイル\StageSelect</Filter>
    </None>
    <None Include="res\dat\main\pickup\jewely.dat">
      <Filter>リソース ファイル\Main\pickup</Filter>
    </None>
    <None Include="res\dat\main\pickup\pickups.dat">
      <Filter>リソース ファイル\Main\pickup</Filter>
    </None>
  </ItemGroup>
</Project>